
Microsoft Visual Studio Solution File, Format Version 12.00
# Visual Studio Version 17
VisualStudioVersion = 17.0.31903.59
MinimumVisualStudioVersion = 10.0.40219.1
Project("{2150E333-8FDC-42A3-9474-1A3956D46DE8}") = "src", "src", "{665A1D93-B6F4-4A26-A07D-1BBAE43D15BD}"
EndProject
Project("{FAE04EC0-301F-11D3-BF4B-00C04F79EFBC}") = "WS.MVC", "src\WS.MVC\WS.MVC.csproj", "{3C3CCB8F-D9C5-4261-A185-38F3E9B95BE0}"
EndProject
Global
	GlobalSection(SolutionConfigurationPlatforms) = preSolution
		Debug|Any CPU = Debug|Any CPU
		Release|Any CPU = Release|Any CPU
	EndGlobalSection
	GlobalSection(SolutionProperties) = preSolution
		HideSolutionNode = FALSE
	EndGlobalSection
	GlobalSection(ProjectConfigurationPlatforms) = postSolution
		{3C3CCB8F-D9C5-4261-A185-38F3E9B95BE0}.Debug|Any CPU.ActiveCfg = Debug|Any CPU
		{3C3CCB8F-D9C5-4261-A185-38F3E9B95BE0}.Debug|Any CPU.Build.0 = Debug|Any CPU
		{3C3CCB8F-D9C5-4261-A185-38F3E9B95BE0}.Release|Any CPU.ActiveCfg = Release|Any CPU
		{3C3CCB8F-D9C5-4261-A185-38F3E9B95BE0}.Release|Any CPU.Build.0 = Release|Any CPU
	EndGlobalSection
	GlobalSection(NestedProjects) = preSolution
		{3C3CCB8F-D9C5-4261-A185-38F3E9B95BE0} = {665A1D93-B6F4-4A26-A07D-1BBAE43D15BD}
	EndGlobalSection
EndGlobal
